
Microsoft Visual Studio Solution File, Format Version 12.00
# Visual Studio Version 17
VisualStudioVersion = 17.8.34525.116
MinimumVisualStudioVersion = 10.0.40219.1
Project("{FAE04EC0-301F-11D3-BF4B-00C04F79EFBC}") = "Toasted.App", "Toasted.App\Toasted.App.csproj", "{FA57CD47-D7FA-419A-B6E1-84760423DF2E}"
EndProject
Project("{FAE04EC0-301F-11D3-BF4B-00C04F79EFBC}") = "Toasted.Api", "Toasted.Api\Toasted.Api.csproj", "{DE47DF85-26C4-4802-85C9-7E6F391F09DC}"
EndProject
Project("{FAE04EC0-301F-11D3-BF4B-00C04F79EFBC}") = "Toasted.Logic", "Toasted.Logic\Toasted.Logic.csproj", "{6A0A1E94-D6DA-4E88-A5BF-1785AE37A0DC}"
EndProject
Project("{FAE04EC0-301F-11D3-BF4B-00C04F79EFBC}") = "Toasted.Data", "Toasted.Data\Toasted.Data.csproj", "{FD091E76-76A7-45D3-9348-B21EDF355B81}"
EndProject
Project("{FAE04EC0-301F-11D3-BF4B-00C04F79EFBC}") = "Toasted.Test", "Toasted.Test\Toasted.Test.csproj", "{499E84C4-9C37-403F-AB73-143E12710235}"
EndProject
Global
	GlobalSection(SolutionConfigurationPlatforms) = preSolution
		Debug|Any CPU = Debug|Any CPU
		Release|Any CPU = Release|Any CPU
	EndGlobalSection
	GlobalSection(ProjectConfigurationPlatforms) = postSolution
		{FA57CD47-D7FA-419A-B6E1-84760423DF2E}.Debug|Any CPU.ActiveCfg = Debug|Any CPU
		{FA57CD47-D7FA-419A-B6E1-84760423DF2E}.Debug|Any CPU.Build.0 = Debug|Any CPU
		{FA57CD47-D7FA-419A-B6E1-84760423DF2E}.Release|Any CPU.ActiveCfg = Release|Any CPU
		{FA57CD47-D7FA-419A-B6E1-84760423DF2E}.Release|Any CPU.Build.0 = Release|Any CPU
		{DE47DF85-26C4-4802-85C9-7E6F391F09DC}.Debug|Any CPU.ActiveCfg = Debug|Any CPU
		{DE47DF85-26C4-4802-85C9-7E6F391F09DC}.Debug|Any CPU.Build.0 = Debug|Any CPU
		{DE47DF85-26C4-4802-85C9-7E6F391F09DC}.Release|Any CPU.ActiveCfg = Release|Any CPU
		{DE47DF85-26C4-4802-85C9-7E6F391F09DC}.Release|Any CPU.Build.0 = Release|Any CPU
		{6A0A1E94-D6DA-4E88-A5BF-1785AE37A0DC}.Debug|Any CPU.ActiveCfg = Debug|Any CPU
		{6A0A1E94-D6DA-4E88-A5BF-1785AE37A0DC}.Debug|Any CPU.Build.0 = Debug|Any CPU
		{6A0A1E94-D6DA-4E88-A5BF-1785AE37A0DC}.Release|Any CPU.ActiveCfg = Release|Any CPU
		{6A0A1E94-D6DA-4E88-A5BF-1785AE37A0DC}.Release|Any CPU.Build.0 = Release|Any CPU
		{FD091E76-76A7-45D3-9348-B21EDF355B81}.Debug|Any CPU.ActiveCfg = Debug|Any CPU
		{FD091E76-76A7-45D3-9348-B21EDF355B81}.Debug|Any CPU.Build.0 = Debug|Any CPU
		{FD091E76-76A7-45D3-9348-B21EDF355B81}.Release|Any CPU.ActiveCfg = Release|Any CPU
		{FD091E76-76A7-45D3-9348-B21EDF355B81}.Release|Any CPU.Build.0 = Release|Any CPU
		{499E84C4-9C37-403F-AB73-143E12710235}.Debug|Any CPU.ActiveCfg = Debug|Any CPU
		{499E84C4-9C37-403F-AB73-143E12710235}.Debug|Any CPU.Build.0 = Debug|Any CPU
		{499E84C4-9C37-403F-AB73-143E12710235}.Release|Any CPU.ActiveCfg = Release|Any CPU
		{499E84C4-9C37-403F-AB73-143E12710235}.Release|Any CPU.Build.0 = Release|Any CPU
	EndGlobalSection
	GlobalSection(SolutionProperties) = preSolution
		HideSolutionNode = FALSE
	EndGlobalSection
	GlobalSection(ExtensibilityGlobals) = postSolution
		SolutionGuid = {03462324-B34B-448A-BEF1-67B64FD99915}
	EndGlobalSection
EndGlobal
